
Microsoft Visual Studio Solution File, Format Version 12.00
# Visual Studio Version 17
VisualStudioVersion = 17.9.34607.119
MinimumVisualStudioVersion = 10.0.40219.1
Project("{FAE04EC0-301F-11D3-BF4B-00C04F79EFBC}") = "RareCrewTest", "RareCrewTest\RareCrewTest.csproj", "{47F15DE0-DB6C-49C1-84BE-7329534B711B}"
EndProject
Global
	GlobalSection(SolutionConfigurationPlatforms) = preSolution
		Debug|Any CPU = Debug|Any CPU
		Release|Any CPU = Release|Any CPU
	EndGlobalSection
	GlobalSection(ProjectConfigurationPlatforms) = postSolution
		{47F15DE0-DB6C-49C1-84BE-7329534B711B}.Debug|Any CPU.ActiveCfg = Debug|Any CPU
		{47F15DE0-DB6C-49C1-84BE-7329534B711B}.Debug|Any CPU.Build.0 = Debug|Any CPU
		{47F15DE0-DB6C-49C1-84BE-7329534B711B}.Release|Any CPU.ActiveCfg = Release|Any CPU
		{47F15DE0-DB6C-49C1-84BE-7329534B711B}.Release|Any CPU.Build.0 = Release|Any CPU
	EndGlobalSection
	GlobalSection(SolutionProperties) = preSolution
		HideSolutionNode = FALSE
	EndGlobalSection
	GlobalSection(ExtensibilityGlobals) = postSolution
		SolutionGuid = {485C8538-BB92-425B-A2DB-049C445DD41B}
	EndGlobalSection
EndGlobal
